
Microsoft Visual Studio Solution File, Format Version 12.00
# Visual Studio Version 16
VisualStudioVersion = 16.0.30621.155
MinimumVisualStudioVersion = 10.0.40219.1
Project("{FAE04EC0-301F-11D3-BF4B-00C04F79EFBC}") = "UserManagement", "UserManagement\UserManagement.csproj", "{2CA6AAF7-9CDD-4964-BE8D-E3D37A1CDCAA}"
EndProject
Global
	GlobalSection(SolutionConfigurationPlatforms) = preSolution
		Debug|Any CPU = Debug|Any CPU
		Release|Any CPU = Release|Any CPU
	EndGlobalSection
	GlobalSection(ProjectConfigurationPlatforms) = postSolution
		{2CA6AAF7-9CDD-4964-BE8D-E3D37A1CDCAA}.Debug|Any CPU.ActiveCfg = Debug|Any CPU
		{2CA6AAF7-9CDD-4964-BE8D-E3D37A1CDCAA}.Debug|Any CPU.Build.0 = Debug|Any CPU
		{2CA6AAF7-9CDD-4964-BE8D-E3D37A1CDCAA}.Release|Any CPU.ActiveCfg = Release|Any CPU
		{2CA6AAF7-9CDD-4964-BE8D-E3D37A1CDCAA}.Release|Any CPU.Build.0 = Release|Any CPU
	EndGlobalSection
	GlobalSection(SolutionProperties) = preSolution
		HideSolutionNode = FALSE
	EndGlobalSection
	GlobalSection(ExtensibilityGlobals) = postSolution
		SolutionGuid = {36E4BD55-420C-41AD-B3AC-BDBCBEBEB016}
	EndGlobalSection
EndGlobal
